
Microsoft Visual Studio Solution File, Format Version 12.00
# Visual Studio Version 17
VisualStudioVersion = 17.2.32616.157
MinimumVisualStudioVersion = 10.0.40219.1
Project("{FAE04EC0-301F-11D3-BF4B-00C04F79EFBC}") = "AirTest", "AirTest\AirTest.csproj", "{991494D8-4198-4308-AB51-5DBB32265FD5}"
EndProject
Global
	GlobalSection(SolutionConfigurationPlatforms) = preSolution
		Debug|Any CPU = Debug|Any CPU
		Release|Any CPU = Release|Any CPU
	EndGlobalSection
	GlobalSection(ProjectConfigurationPlatforms) = postSolution
		{991494D8-4198-4308-AB51-5DBB32265FD5}.Debug|Any CPU.ActiveCfg = Debug|Any CPU
		{991494D8-4198-4308-AB51-5DBB32265FD5}.Debug|Any CPU.Build.0 = Debug|Any CPU
		{991494D8-4198-4308-AB51-5DBB32265FD5}.Release|Any CPU.ActiveCfg = Release|Any CPU
		{991494D8-4198-4308-AB51-5DBB32265FD5}.Release|Any CPU.Build.0 = Release|Any CPU
	EndGlobalSection
	GlobalSection(SolutionProperties) = preSolution
		HideSolutionNode = FALSE
	EndGlobalSection
	GlobalSection(ExtensibilityGlobals) = postSolution
		SolutionGuid = {49A94927-E061-4CFC-AF7D-F267B1734112}
	EndGlobalSection
EndGlobal
